// !$*UTF8*$!
{
	archiveVersion = 1;
	classes = {
	};
	objectVersion = 77;
	objects = {

/* Begin PBXBuildFile section */
		C3FCF7FB2EA415AF00DCE841 /* BumpApp.swift in Sources */ = {isa = PBXBuildFile; fileRef = C3FCF7FA2EA415AF00DCE841 /* BumpApp.swift */; };
		C3FCF7FD2EA415AF00DCE841 /* ContentView.swift in Sources */ = {isa = PBXBuildFile; fileRef = C3FCF7FC2EA415AF00DCE841 /* ContentView.swift */; };
		C3FCF7FF2EA415B000DCE841 /* Assets.xcassets in Resources */ = {isa = PBXBuildFile; fileRef = C3FCF7FE2EA415B000DCE841 /* Assets.xcassets */; };
/* End PBXBuildFile section */

/* Begin PBXContainerItemProxy section */
		C3FCF80A2EA415B000DCE841 /* PBXContainerItemProxy */ = {
			isa = PBXContainerItemProxy;
			containerPortal = C3FCF7EF2EA415AF00DCE841 /* Project object */;
			proxyType = 1;
			remoteGlobalIDString = C3FCF7F62EA415AF00DCE841;
			remoteInfo = Bump;
		};
		C3FCF8142EA415B000DCE841 /* PBXContainerItemProxy */ = {
			isa = PBXContainerItemProxy;
			containerPortal = C3FCF7EF2EA415AF00DCE841 /* Project object */;
			proxyType = 1;
			remoteGlobalIDString = C3FCF7F62EA415AF00DCE841;
			remoteInfo = Bump;
		};
/* End PBXContainerItemProxy section */

/* Begin PBXFileReference section */
		C3FCF7F72EA415AF00DCE841 /* Bump.app */ = {isa = PBXFileReference; explicitFileType = wrapper.application; includeInIndex = 0; path = Bump.app; sourceTree = BUILT_PRODUCTS_DIR; };
		C3FCF7FA2EA415AF00DCE841 /* BumpApp.swift */ = {isa = PBXFileReference; lastKnownFileType = sourcecode.swift; path = BumpApp.swift; sourceTree = "<group>"; };
		C3FCF7FC2EA415AF00DCE841 /* ContentView.swift */ = {isa = PBXFileReference; lastKnownFileType = sourcecode.swift; path = ContentView.swift; sourceTree = "<group>"; };
		C3FCF7FE2EA415B000DCE841 /* Assets.xcassets */ = {isa = PBXFileReference; lastKnownFileType = folder.assetcatalog; path = Assets.xcassets; sourceTree = "<group>"; };
		C3FCF8092EA415B000DCE841 /* BumpTests.xctest */ = {isa = PBXFileReference; explicitFileType = wrapper.cfbundle; includeInIndex = 0; path = BumpTests.xctest; sourceTree = BUILT_PRODUCTS_DIR; };
		C3FCF8132EA415B000DCE841 /* BumpUITests.xctest */ = {isa = PBXFileReference; explicitFileType = wrapper.cfbundle; includeInIndex = 0; path = BumpUITests.xctest; sourceTree = BUILT_PRODUCTS_DIR; };
/* End PBXFileReference section */

/* Begin PBXFileSystemSynchronizedRootGroup section */
		C3FCF80C2EA415B000DCE841 /* BumpTests */ = {
			isa = PBXFileSystemSynchronizedRootGroup;
			path = BumpTests;
			sourceTree = "<group>";
		};
		C3FCF8162EA415B000DCE841 /* BumpUITests */ = {
			isa = PBXFileSystemSynchronizedRootGroup;
			path = BumpUITests;
			sourceTree = "<group>";
		};
/* End PBXFileSystemSynchronizedRootGroup section */

/* Begin PBXFrameworksBuildPhase section */
		C3FCF7F42EA415AF00DCE841 /* Frameworks */ = {
			isa = PBXFrameworksBuildPhase;
			buildActionMask = 2147483647;
			files = (
			);
			runOnlyForDeploymentPostprocessing = 0;
		};
		C3FCF8062EA415B000DCE841 /* Frameworks */ = {
			isa = PBXFrameworksBuildPhase;
			buildActionMask = 2147483647;
			files = (
			);
			runOnlyForDeploymentPostprocessing = 0;
		};
		C3FCF8102EA415B000DCE841 /* Frameworks */ = {
			isa = PBXFrameworksBuildPhase;
			buildActionMask = 2147483647;
			files = (
			);
			runOnlyForDeploymentPostprocessing = 0;
		};
/* End PBXFrameworksBuildPhase section */

/* Begin PBXGroup section */
		C3FCF7EE2EA415AF00DCE841 = {
			isa = PBXGroup;
			children = (
				C3FCF8272EA416CD00DCE841 /* Application */,
				C3FCF8262EA416B500DCE841 /* BumpApp */,
				C3FCF82D2EA4170000DCE841 /* Layers */,
				C3FCF80C2EA415B000DCE841 /* BumpTests */,
				C3FCF8162EA415B000DCE841 /* BumpUITests */,
				C3FCF7F82EA415AF00DCE841 /* Products */,
				C3FCF8402EA417BA00DCE841 /* Resources */,
			);
			sourceTree = "<group>";
		};
		C3FCF7F82EA415AF00DCE841 /* Products */ = {
			isa = PBXGroup;
			children = (
				C3FCF7F72EA415AF00DCE841 /* Bump.app */,
				C3FCF8092EA415B000DCE841 /* BumpTests.xctest */,
				C3FCF8132EA415B000DCE841 /* BumpUITests.xctest */,
			);
			name = Products;
			sourceTree = "<group>";
		};
		C3FCF8262EA416B500DCE841 /* BumpApp */ = {
			isa = PBXGroup;
			children = (
				C3FCF82B2EA416E800DCE841 /* Views */,
				C3FCF82A2EA416E200DCE841 /* Navigation */,
			);
			path = BumpApp;
			sourceTree = "<group>";
		};
		C3FCF8272EA416CD00DCE841 /* Application */ = {
			isa = PBXGroup;
			children = (
				C3FCF7FA2EA415AF00DCE841 /* BumpApp.swift */,
			);
			path = Application;
			sourceTree = "<group>";
		};
		C3FCF82A2EA416E200DCE841 /* Navigation */ = {
			isa = PBXGroup;
			children = (
			);
			path = Navigation;
			sourceTree = "<group>";
		};
		C3FCF82B2EA416E800DCE841 /* Views */ = {
			isa = PBXGroup;
			children = (
				C3FCF82C2EA416EB00DCE841 /* TabBar */,
				C3FCF7FC2EA415AF00DCE841 /* ContentView.swift */,
			);
			path = Views;
			sourceTree = "<group>";
		};
		C3FCF82C2EA416EB00DCE841 /* TabBar */ = {
			isa = PBXGroup;
			children = (
			);
			path = TabBar;
			sourceTree = "<group>";
		};
		C3FCF82D2EA4170000DCE841 /* Layers */ = {
			isa = PBXGroup;
			children = (
				C3FCF83A2EA4178B00DCE841 /* Services */,
				C3FCF82F2EA4170A00DCE841 /* Features */,
			);
			path = Layers;
			sourceTree = "<group>";
		};
		C3FCF82F2EA4170A00DCE841 /* Features */ = {
			isa = PBXGroup;
			children = (
				C3FCF8342EA4174F00DCE841 /* BumpSettings */,
				C3FCF8332EA4174800DCE841 /* BumpProfile */,
				C3FCF8322EA4174100DCE841 /* BumpMap */,
				C3FCF8312EA4173C00DCE841 /* BumpHome */,
				C3FCF8302EA4173700DCE841 /* BumpAgent */,
			);
			path = Features;
			sourceTree = "<group>";
		};
		C3FCF8302EA4173700DCE841 /* BumpAgent */ = {
			isa = PBXGroup;
			children = (
				C3FCF8352EA4175B00DCE841 /* Sources */,
			);
			path = BumpAgent;
			sourceTree = "<group>";
		};
		C3FCF8312EA4173C00DCE841 /* BumpHome */ = {
			isa = PBXGroup;
			children = (
			);
			path = BumpHome;
			sourceTree = "<group>";
		};
		C3FCF8322EA4174100DCE841 /* BumpMap */ = {
			isa = PBXGroup;
			children = (
			);
			path = BumpMap;
			sourceTree = "<group>";
		};
		C3FCF8332EA4174800DCE841 /* BumpProfile */ = {
			isa = PBXGroup;
			children = (
			);
			path = BumpProfile;
			sourceTree = "<group>";
		};
		C3FCF8342EA4174F00DCE841 /* BumpSettings */ = {
			isa = PBXGroup;
			children = (
			);
			path = BumpSettings;
			sourceTree = "<group>";
		};
		C3FCF8352EA4175B00DCE841 /* Sources */ = {
			isa = PBXGroup;
			children = (
				C3FCF8392EA4177C00DCE841 /* ViewModel */,
				C3FCF8372EA4177000DCE841 /* Models */,
				C3FCF8362EA4176B00DCE841 /* AI */,
			);
			path = Sources;
			sourceTree = "<group>";
		};
		C3FCF8362EA4176B00DCE841 /* AI */ = {
			isa = PBXGroup;
			children = (
			);
			path = AI;
			sourceTree = "<group>";
		};
		C3FCF8372EA4177000DCE841 /* Models */ = {
			isa = PBXGroup;
			children = (
			);
			path = Models;
			sourceTree = "<group>";
		};
		C3FCF8392EA4177C00DCE841 /* ViewModel */ = {
			isa = PBXGroup;
			children = (
			);
			path = ViewModel;
			sourceTree = "<group>";
		};
		C3FCF83A2EA4178B00DCE841 /* Services */ = {
			isa = PBXGroup;
			children = (
				C3FCF83F2EA417AF00DCE841 /* Permissions */,
				C3FCF83E2EA417A800DCE841 /* Notifications */,
				C3FCF83C2EA4179A00DCE841 /* Location */,
				C3FCF83B2EA4179600DCE841 /* Calendar */,
			);
			path = Services;
			sourceTree = "<group>";
		};
		C3FCF83B2EA4179600DCE841 /* Calendar */ = {
			isa = PBXGroup;
			children = (
			);
			path = Calendar;
			sourceTree = "<group>";
		};
		C3FCF83C2EA4179A00DCE841 /* Location */ = {
			isa = PBXGroup;
			children = (
			);
			path = Location;
			sourceTree = "<group>";
		};
		C3FCF83E2EA417A800DCE841 /* Notifications */ = {
			isa = PBXGroup;
			children = (
			);
			path = Notifications;
			sourceTree = "<group>";
		};
		C3FCF83F2EA417AF00DCE841 /* Permissions */ = {
			isa = PBXGroup;
			children = (
			);
			path = Permissions;
			sourceTree = "<group>";
		};
		C3FCF8402EA417BA00DCE841 /* Resources */ = {
			isa = PBXGroup;
			children = (
				C3FCF8412EA417BE00DCE841 /* Fonts */,
				C3FCF7FE2EA415B000DCE841 /* Assets.xcassets */,
			);
			path = Resources;
			sourceTree = "<group>";
		};
		C3FCF8412EA417BE00DCE841 /* Fonts */ = {
			isa = PBXGroup;
			children = (
			);
			path = Fonts;
			sourceTree = "<group>";
		};
/* End PBXGroup section */

/* Begin PBXNativeTarget section */
		C3FCF7F62EA415AF00DCE841 /* Bump */ = {
			isa = PBXNativeTarget;
			buildConfigurationList = C3FCF81D2EA415B000DCE841 /* Build configuration list for PBXNativeTarget "Bump" */;
			buildPhases = (
				C3FCF7F32EA415AF00DCE841 /* Sources */,
				C3FCF7F42EA415AF00DCE841 /* Frameworks */,
				C3FCF7F52EA415AF00DCE841 /* Resources */,
			);
			buildRules = (
			);
			dependencies = (
			);
			name = Bump;
			packageProductDependencies = (
			);
			productName = Bump;
			productReference = C3FCF7F72EA415AF00DCE841 /* Bump.app */;
			productType = "com.apple.product-type.application";
		};
		C3FCF8082EA415B000DCE841 /* BumpTests */ = {
			isa = PBXNativeTarget;
			buildConfigurationList = C3FCF8202EA415B000DCE841 /* Build configuration list for PBXNativeTarget "BumpTests" */;
			buildPhases = (
				C3FCF8052EA415B000DCE841 /* Sources */,
				C3FCF8062EA415B000DCE841 /* Frameworks */,
				C3FCF8072EA415B000DCE841 /* Resources */,
			);
			buildRules = (
			);
			dependencies = (
				C3FCF80B2EA415B000DCE841 /* PBXTargetDependency */,
			);
			fileSystemSynchronizedGroups = (
				C3FCF80C2EA415B000DCE841 /* BumpTests */,
			);
			name = BumpTests;
			packageProductDependencies = (
			);
			productName = BumpTests;
			productReference = C3FCF8092EA415B000DCE841 /* BumpTests.xctest */;
			productType = "com.apple.product-type.bundle.unit-test";
		};
		C3FCF8122EA415B000DCE841 /* BumpUITests */ = {
			isa = PBXNativeTarget;
			buildConfigurationList = C3FCF8232EA415B000DCE841 /* Build configuration list for PBXNativeTarget "BumpUITests" */;
			buildPhases = (
				C3FCF80F2EA415B000DCE841 /* Sources */,
				C3FCF8102EA415B000DCE841 /* Frameworks */,
				C3FCF8112EA415B000DCE841 /* Resources */,
			);
			buildRules = (
			);
			dependencies = (
				C3FCF8152EA415B000DCE841 /* PBXTargetDependency */,
			);
			fileSystemSynchronizedGroups = (
				C3FCF8162EA415B000DCE841 /* BumpUITests */,
			);
			name = BumpUITests;
			packageProductDependencies = (
			);
			productName = BumpUITests;
			productReference = C3FCF8132EA415B000DCE841 /* BumpUITests.xctest */;
			productType = "com.apple.product-type.bundle.ui-testing";
		};
/* End PBXNativeTarget section */

/* Begin PBXProject section */
		C3FCF7EF2EA415AF00DCE841 /* Project object */ = {
			isa = PBXProject;
			attributes = {
				BuildIndependentTargetsInParallel = 1;
				LastSwiftUpdateCheck = 2600;
				LastUpgradeCheck = 2600;
				TargetAttributes = {
					C3FCF7F62EA415AF00DCE841 = {
						CreatedOnToolsVersion = 26.0.1;
					};
					C3FCF8082EA415B000DCE841 = {
						CreatedOnToolsVersion = 26.0.1;
						TestTargetID = C3FCF7F62EA415AF00DCE841;
					};
					C3FCF8122EA415B000DCE841 = {
						CreatedOnToolsVersion = 26.0.1;
						TestTargetID = C3FCF7F62EA415AF00DCE841;
					};
				};
			};
			buildConfigurationList = C3FCF7F22EA415AF00DCE841 /* Build configuration list for PBXProject "Bump" */;
			developmentRegion = en;
			hasScannedForEncodings = 0;
			knownRegions = (
				en,
				Base,
			);
			mainGroup = C3FCF7EE2EA415AF00DCE841;
			minimizedProjectReferenceProxies = 1;
			preferredProjectObjectVersion = 77;
			productRefGroup = C3FCF7F82EA415AF00DCE841 /* Products */;
			projectDirPath = "";
			projectRoot = "";
			targets = (
				C3FCF7F62EA415AF00DCE841 /* Bump */,
				C3FCF8082EA415B000DCE841 /* BumpTests */,
				C3FCF8122EA415B000DCE841 /* BumpUITests */,
			);
		};
/* End PBXProject section */

/* Begin PBXResourcesBuildPhase section */
		C3FCF7F52EA415AF00DCE841 /* Resources */ = {
			isa = PBXResourcesBuildPhase;
			buildActionMask = 2147483647;
			files = (
				C3FCF7FF2EA415B000DCE841 /* Assets.xcassets in Resources */,
			);
			runOnlyForDeploymentPostprocessing = 0;
		};
		C3FCF8072EA415B000DCE841 /* Resources */ = {
			isa = PBXResourcesBuildPhase;
			buildActionMask = 2147483647;
			files = (
			);
			runOnlyForDeploymentPostprocessing = 0;
		};
		C3FCF8112EA415B000DCE841 /* Resources */ = {
			isa = PBXResourcesBuildPhase;
			buildActionMask = 2147483647;
			files = (
			);
			runOnlyForDeploymentPostprocessing = 0;
		};
/* End PBXResourcesBuildPhase section */

/* Begin PBXSourcesBuildPhase section */
		C3FCF7F32EA415AF00DCE841 /* Sources */ = {
			isa = PBXSourcesBuildPhase;
			buildActionMask = 2147483647;
			files = (
				C3FCF7FD2EA415AF00DCE841 /* ContentView.swift in Sources */,
				C3FCF7FB2EA415AF00DCE841 /* BumpApp.swift in Sources */,
			);
			runOnlyForDeploymentPostprocessing = 0;
		};
		C3FCF8052EA415B000DCE841 /* Sources */ = {
			isa = PBXSourcesBuildPhase;
			buildActionMask = 2147483647;
			files = (
			);
			runOnlyForDeploymentPostprocessing = 0;
		};
		C3FCF80F2EA415B000DCE841 /* Sources */ = {
			isa = PBXSourcesBuildPhase;
			buildActionMask = 2147483647;
			files = (
			);
			runOnlyForDeploymentPostprocessing = 0;
		};
/* End PBXSourcesBuildPhase section */

/* Begin PBXTargetDependency section */
		C3FCF80B2EA415B000DCE841 /* PBXTargetDependency */ = {
			isa = PBXTargetDependency;
			target = C3FCF7F62EA415AF00DCE841 /* Bump */;
			targetProxy = C3FCF80A2EA415B000DCE841 /* PBXContainerItemProxy */;
		};
		C3FCF8152EA415B000DCE841 /* PBXTargetDependency */ = {
			isa = PBXTargetDependency;
			target = C3FCF7F62EA415AF00DCE841 /* Bump */;
			targetProxy = C3FCF8142EA415B000DCE841 /* PBXContainerItemProxy */;
		};
/* End PBXTargetDependency section */

/* Begin XCBuildConfiguration section */
		C3FCF81B2EA415B000DCE841 /* Debug */ = {
			isa = XCBuildConfiguration;
			buildSettings = {
				ALWAYS_SEARCH_USER_PATHS = NO;
				ASSETCATALOG_COMPILER_GENERATE_SWIFT_ASSET_SYMBOL_EXTENSIONS = YES;
				CLANG_ANALYZER_NONNULL = YES;
				CLANG_ANALYZER_NUMBER_OBJECT_CONVERSION = YES_AGGRESSIVE;
				CLANG_CXX_LANGUAGE_STANDARD = "gnu++20";
				CLANG_ENABLE_MODULES = YES;
				CLANG_ENABLE_OBJC_ARC = YES;
				CLANG_ENABLE_OBJC_WEAK = YES;
				CLANG_WARN_BLOCK_CAPTURE_AUTORELEASING = YES;
				CLANG_WARN_BOOL_CONVERSION = YES;
				CLANG_WARN_COMMA = YES;
				CLANG_WARN_CONSTANT_CONVERSION = YES;
				CLANG_WARN_DEPRECATED_OBJC_IMPLEMENTATIONS = YES;
				CLANG_WARN_DIRECT_OBJC_ISA_USAGE = YES_ERROR;
				CLANG_WARN_DOCUMENTATION_COMMENTS = YES;
				CLANG_WARN_EMPTY_BODY = YES;
				CLANG_WARN_ENUM_CONVERSION = YES;
				CLANG_WARN_INFINITE_RECURSION = YES;
				CLANG_WARN_INT_CONVERSION = YES;
				CLANG_WARN_NON_LITERAL_NULL_CONVERSION = YES;
				CLANG_WARN_OBJC_IMPLICIT_RETAIN_SELF = YES;
				CLANG_WARN_OBJC_LITERAL_CONVERSION = YES;
				CLANG_WARN_OBJC_ROOT_CLASS = YES_ERROR;
				CLANG_WARN_QUOTED_INCLUDE_IN_FRAMEWORK_HEADER = YES;
				CLANG_WARN_RANGE_LOOP_ANALYSIS = YES;
				CLANG_WARN_STRICT_PROTOTYPES = YES;
				CLANG_WARN_SUSPICIOUS_MOVE = YES;
				CLANG_WARN_UNGUARDED_AVAILABILITY = YES_AGGRESSIVE;
				CLANG_WARN_UNREACHABLE_CODE = YES;
				CLANG_WARN__DUPLICATE_METHOD_MATCH = YES;
				COPY_PHASE_STRIP = NO;
				DEBUG_INFORMATION_FORMAT = dwarf;
				ENABLE_STRICT_OBJC_MSGSEND = YES;
				ENABLE_TESTABILITY = YES;
				ENABLE_USER_SCRIPT_SANDBOXING = YES;
				GCC_C_LANGUAGE_STANDARD = gnu17;
				GCC_DYNAMIC_NO_PIC = NO;
				GCC_NO_COMMON_BLOCKS = YES;
				GCC_OPTIMIZATION_LEVEL = 0;
				GCC_PREPROCESSOR_DEFINITIONS = (
					"DEBUG=1",
					"$(inherited)",
				);
				GCC_WARN_64_TO_32_BIT_CONVERSION = YES;
				GCC_WARN_ABOUT_RETURN_TYPE = YES_ERROR;
				GCC_WARN_UNDECLARED_SELECTOR = YES;
				GCC_WARN_UNINITIALIZED_AUTOS = YES_AGGRESSIVE;
				GCC_WARN_UNUSED_FUNCTION = YES;
				GCC_WARN_UNUSED_VARIABLE = YES;
				IPHONEOS_DEPLOYMENT_TARGET = 26.0;
				LOCALIZATION_PREFERS_STRING_CATALOGS = YES;
				MTL_ENABLE_DEBUG_INFO = INCLUDE_SOURCE;
				MTL_FAST_MATH = YES;
				ONLY_ACTIVE_ARCH = YES;
				SDKROOT = iphoneos;
				SWIFT_ACTIVE_COMPILATION_CONDITIONS = "DEBUG $(inherited)";
				SWIFT_OPTIMIZATION_LEVEL = "-Onone";
			};
			name = Debug;
		};
		C3FCF81C2EA415B000DCE841 /* Release */ = {
			isa = XCBuildConfiguration;
			buildSettings = {
				ALWAYS_SEARCH_USER_PATHS = NO;
				ASSETCATALOG_COMPILER_GENERATE_SWIFT_ASSET_SYMBOL_EXTENSIONS = YES;
				CLANG_ANALYZER_NONNULL = YES;
				CLANG_ANALYZER_NUMBER_OBJECT_CONVERSION = YES_AGGRESSIVE;
				CLANG_CXX_LANGUAGE_STANDARD = "gnu++20";
				CLANG_ENABLE_MODULES = YES;
				CLANG_ENABLE_OBJC_ARC = YES;
				CLANG_ENABLE_OBJC_WEAK = YES;
				CLANG_WARN_BLOCK_CAPTURE_AUTORELEASING = YES;
				CLANG_WARN_BOOL_CONVERSION = YES;
				CLANG_WARN_COMMA = YES;
				CLANG_WARN_CONSTANT_CONVERSION = YES;
				CLANG_WARN_DEPRECATED_OBJC_IMPLEMENTATIONS = YES;
				CLANG_WARN_DIRECT_OBJC_ISA_USAGE = YES_ERROR;
				CLANG_WARN_DOCUMENTATION_COMMENTS = YES;
				CLANG_WARN_EMPTY_BODY = YES;
				CLANG_WARN_ENUM_CONVERSION = YES;
				CLANG_WARN_INFINITE_RECURSION = YES;
				CLANG_WARN_INT_CONVERSION = YES;
				CLANG_WARN_NON_LITERAL_NULL_CONVERSION = YES;
				CLANG_WARN_OBJC_IMPLICIT_RETAIN_SELF = YES;
				CLANG_WARN_OBJC_LITERAL_CONVERSION = YES;
				CLANG_WARN_OBJC_ROOT_CLASS = YES_ERROR;
				CLANG_WARN_QUOTED_INCLUDE_IN_FRAMEWORK_HEADER = YES;
				CLANG_WARN_RANGE_LOOP_ANALYSIS = YES;
				CLANG_WARN_STRICT_PROTOTYPES = YES;
				CLANG_WARN_SUSPICIOUS_MOVE = YES;
				CLANG_WARN_UNGUARDED_AVAILABILITY = YES_AGGRESSIVE;
				CLANG_WARN_UNREACHABLE_CODE = YES;
				CLANG_WARN__DUPLICATE_METHOD_MATCH = YES;
				COPY_PHASE_STRIP = NO;
				DEBUG_INFORMATION_FORMAT = "dwarf-with-dsym";
				ENABLE_NS_ASSERTIONS = NO;
				ENABLE_STRICT_OBJC_MSGSEND = YES;
				ENABLE_USER_SCRIPT_SANDBOXING = YES;
				GCC_C_LANGUAGE_STANDARD = gnu17;
				GCC_NO_COMMON_BLOCKS = YES;
				GCC_WARN_64_TO_32_BIT_CONVERSION = YES;
				GCC_WARN_ABOUT_RETURN_TYPE = YES_ERROR;
				GCC_WARN_UNDECLARED_SELECTOR = YES;
				GCC_WARN_UNINITIALIZED_AUTOS = YES_AGGRESSIVE;
				GCC_WARN_UNUSED_FUNCTION = YES;
				GCC_WARN_UNUSED_VARIABLE = YES;
				IPHONEOS_DEPLOYMENT_TARGET = 26.0;
				LOCALIZATION_PREFERS_STRING_CATALOGS = YES;
				MTL_ENABLE_DEBUG_INFO = NO;
				MTL_FAST_MATH = YES;
				SDKROOT = iphoneos;
				SWIFT_COMPILATION_MODE = wholemodule;
				VALIDATE_PRODUCT = YES;
			};
			name = Release;
		};
		C3FCF81E2EA415B000DCE841 /* Debug */ = {
			isa = XCBuildConfiguration;
			buildSettings = {
				ASSETCATALOG_COMPILER_APPICON_NAME = AppIcon;
				ASSETCATALOG_COMPILER_GLOBAL_ACCENT_COLOR_NAME = AccentColor;
				CODE_SIGN_STYLE = Automatic;
				CURRENT_PROJECT_VERSION = 1;
				ENABLE_PREVIEWS = YES;
				GENERATE_INFOPLIST_FILE = YES;
				INFOPLIST_KEY_UIApplicationSceneManifest_Generation = YES;
				INFOPLIST_KEY_UIApplicationSupportsIndirectInputEvents = YES;
				INFOPLIST_KEY_UILaunchScreen_Generation = YES;
				INFOPLIST_KEY_UISupportedInterfaceOrientations_iPad = "UIInterfaceOrientationPortrait UIInterfaceOrientationPortraitUpsideDown UIInterfaceOrientationLandscapeLeft UIInterfaceOrientationLandscapeRight";
				INFOPLIST_KEY_UISupportedInterfaceOrientations_iPhone = "UIInterfaceOrientationPortrait UIInterfaceOrientationLandscapeLeft UIInterfaceOrientationLandscapeRight";
				LD_RUNPATH_SEARCH_PATHS = (
					"$(inherited)",
					"@executable_path/Frameworks",
				);
				MARKETING_VERSION = 1.0;
				PRODUCT_BUNDLE_IDENTIFIER = com.harshita.Bump;
				PRODUCT_NAME = "$(TARGET_NAME)";
				STRING_CATALOG_GENERATE_SYMBOLS = YES;
				SWIFT_APPROACHABLE_CONCURRENCY = YES;
				SWIFT_DEFAULT_ACTOR_ISOLATION = MainActor;
				SWIFT_EMIT_LOC_STRINGS = YES;
				SWIFT_UPCOMING_FEATURE_MEMBER_IMPORT_VISIBILITY = YES;
				SWIFT_VERSION = 5.0;
				TARGETED_DEVICE_FAMILY = "1,2";
			};
			name = Debug;
		};
		C3FCF81F2EA415B000DCE841 /* Release */ = {
			isa = XCBuildConfiguration;
			buildSettings = {
				ASSETCATALOG_COMPILER_APPICON_NAME = AppIcon;
				ASSETCATALOG_COMPILER_GLOBAL_ACCENT_COLOR_NAME = AccentColor;
				CODE_SIGN_STYLE = Automatic;
				CURRENT_PROJECT_VERSION = 1;
				ENABLE_PREVIEWS = YES;
				GENERATE_INFOPLIST_FILE = YES;
				INFOPLIST_KEY_UIApplicationSceneManifest_Generation = YES;
				INFOPLIST_KEY_UIApplicationSupportsIndirectInputEvents = YES;
				INFOPLIST_KEY_UILaunchScreen_Generation = YES;
				INFOPLIST_KEY_UISupportedInterfaceOrientations_iPad = "UIInterfaceOrientationPortrait UIInterfaceOrientationPortraitUpsideDown UIInterfaceOrientationLandscapeLeft UIInterfaceOrientationLandscapeRight";
				INFOPLIST_KEY_UISupportedInterfaceOrientations_iPhone = "UIInterfaceOrientationPortrait UIInterfaceOrientationLandscapeLeft UIInterfaceOrientationLandscapeRight";
				LD_RUNPATH_SEARCH_PATHS = (
					"$(inherited)",
					"@executable_path/Frameworks",
				);
				MARKETING_VERSION = 1.0;
				PRODUCT_BUNDLE_IDENTIFIER = com.harshita.Bump;
				PRODUCT_NAME = "$(TARGET_NAME)";
				STRING_CATALOG_GENERATE_SYMBOLS = YES;
				SWIFT_APPROACHABLE_CONCURRENCY = YES;
				SWIFT_DEFAULT_ACTOR_ISOLATION = MainActor;
				SWIFT_EMIT_LOC_STRINGS = YES;
				SWIFT_UPCOMING_FEATURE_MEMBER_IMPORT_VISIBILITY = YES;
				SWIFT_VERSION = 5.0;
				TARGETED_DEVICE_FAMILY = "1,2";
			};
			name = Release;
		};
		C3FCF8212EA415B000DCE841 /* Debug */ = {
			isa = XCBuildConfiguration;
			buildSettings = {
				BUNDLE_LOADER = "$(TEST_HOST)";
				CODE_SIGN_STYLE = Automatic;
				CURRENT_PROJECT_VERSION = 1;
				GENERATE_INFOPLIST_FILE = YES;
				IPHONEOS_DEPLOYMENT_TARGET = 26.0;
				MARKETING_VERSION = 1.0;
				PRODUCT_BUNDLE_IDENTIFIER = com.harshita.BumpTests;
				PRODUCT_NAME = "$(TARGET_NAME)";
				STRING_CATALOG_GENERATE_SYMBOLS = NO;
				SWIFT_APPROACHABLE_CONCURRENCY = YES;
				SWIFT_EMIT_LOC_STRINGS = NO;
				SWIFT_UPCOMING_FEATURE_MEMBER_IMPORT_VISIBILITY = YES;
				SWIFT_VERSION = 5.0;
				TARGETED_DEVICE_FAMILY = "1,2";
				TEST_HOST = "$(BUILT_PRODUCTS_DIR)/Bump.app/$(BUNDLE_EXECUTABLE_FOLDER_PATH)/Bump";
			};
			name = Debug;
		};
		C3FCF8222EA415B000DCE841 /* Release */ = {
			isa = XCBuildConfiguration;
			buildSettings = {
				BUNDLE_LOADER = "$(TEST_HOST)";
				CODE_SIGN_STYLE = Automatic;
				CURRENT_PROJECT_VERSION = 1;
				GENERATE_INFOPLIST_FILE = YES;
				IPHONEOS_DEPLOYMENT_TARGET = 26.0;
				MARKETING_VERSION = 1.0;
				PRODUCT_BUNDLE_IDENTIFIER = com.harshita.BumpTests;
				PRODUCT_NAME = "$(TARGET_NAME)";
				STRING_CATALOG_GENERATE_SYMBOLS = NO;
				SWIFT_APPROACHABLE_CONCURRENCY = YES;
				SWIFT_EMIT_LOC_STRINGS = NO;
				SWIFT_UPCOMING_FEATURE_MEMBER_IMPORT_VISIBILITY = YES;
				SWIFT_VERSION = 5.0;
				TARGETED_DEVICE_FAMILY = "1,2";
				TEST_HOST = "$(BUILT_PRODUCTS_DIR)/Bump.app/$(BUNDLE_EXECUTABLE_FOLDER_PATH)/Bump";
			};
			name = Release;
		};
		C3FCF8242EA415B000DCE841 /* Debug */ = {
			isa = XCBuildConfiguration;
			buildSettings = {
				CODE_SIGN_STYLE = Automatic;
				CURRENT_PROJECT_VERSION = 1;
				GENERATE_INFOPLIST_FILE = YES;
				MARKETING_VERSION = 1.0;
				PRODUCT_BUNDLE_IDENTIFIER = com.harshita.BumpUITests;
				PRODUCT_NAME = "$(TARGET_NAME)";
				STRING_CATALOG_GENERATE_SYMBOLS = NO;
				SWIFT_APPROACHABLE_CONCURRENCY = YES;
				SWIFT_EMIT_LOC_STRINGS = NO;
				SWIFT_UPCOMING_FEATURE_MEMBER_IMPORT_VISIBILITY = YES;
				SWIFT_VERSION = 5.0;
				TARGETED_DEVICE_FAMILY = "1,2";
				TEST_TARGET_NAME = Bump;
			};
			name = Debug;
		};
		C3FCF8252EA415B000DCE841 /* Release */ = {
			isa = XCBuildConfiguration;
			buildSettings = {
				CODE_SIGN_STYLE = Automatic;
				CURRENT_PROJECT_VERSION = 1;
				GENERATE_INFOPLIST_FILE = YES;
				MARKETING_VERSION = 1.0;
				PRODUCT_BUNDLE_IDENTIFIER = com.harshita.BumpUITests;
				PRODUCT_NAME = "$(TARGET_NAME)";
				STRING_CATALOG_GENERATE_SYMBOLS = NO;
				SWIFT_APPROACHABLE_CONCURRENCY = YES;
				SWIFT_EMIT_LOC_STRINGS = NO;
				SWIFT_UPCOMING_FEATURE_MEMBER_IMPORT_VISIBILITY = YES;
				SWIFT_VERSION = 5.0;
				TARGETED_DEVICE_FAMILY = "1,2";
				TEST_TARGET_NAME = Bump;
			};
			name = Release;
		};
/* End XCBuildConfiguration section */

/* Begin XCConfigurationList section */
		C3FCF7F22EA415AF00DCE841 /* Build configuration list for PBXProject "Bump" */ = {
			isa = XCConfigurationList;
			buildConfigurations = (
				C3FCF81B2EA415B000DCE841 /* Debug */,
				C3FCF81C2EA415B000DCE841 /* Release */,
			);
			defaultConfigurationIsVisible = 0;
			defaultConfigurationName = Release;
		};
		C3FCF81D2EA415B000DCE841 /* Build configuration list for PBXNativeTarget "Bump" */ = {
			isa = XCConfigurationList;
			buildConfigurations = (
				C3FCF81E2EA415B000DCE841 /* Debug */,
				C3FCF81F2EA415B000DCE841 /* Release */,
			);
			defaultConfigurationIsVisible = 0;
			defaultConfigurationName = Release;
		};
		C3FCF8202EA415B000DCE841 /* Build configuration list for PBXNativeTarget "BumpTests" */ = {
			isa = XCConfigurationList;
			buildConfigurations = (
				C3FCF8212EA415B000DCE841 /* Debug */,
				C3FCF8222EA415B000DCE841 /* Release */,
			);
			defaultConfigurationIsVisible = 0;
			defaultConfigurationName = Release;
		};
		C3FCF8232EA415B000DCE841 /* Build configuration list for PBXNativeTarget "BumpUITests" */ = {
			isa = XCConfigurationList;
			buildConfigurations = (
				C3FCF8242EA415B000DCE841 /* Debug */,
				C3FCF8252EA415B000DCE841 /* Release */,
			);
			defaultConfigurationIsVisible = 0;
			defaultConfigurationName = Release;
		};
/* End XCConfigurationList section */
	};
	rootObject = C3FCF7EF2EA415AF00DCE841 /* Project object */;
}
